
Microsoft Visual Studio Solution File, Format Version 12.00
# Visual Studio Version 17
VisualStudioVersion = 17.3.32825.248
MinimumVisualStudioVersion = 10.0.40219.1
Project("{9A19103F-16F7-4668-BE54-9A1E7A4F7556}") = "WealthBridge", "WealthBridge.csproj", "{C50C9FCF-394D-4959-87FE-4DF1A51C7054}"
EndProject
Project("{9A19103F-16F7-4668-BE54-9A1E7A4F7556}") = "WealthBridge.Core", "..\WealthBridge.Core\WealthBridge.Core.csproj", "{3CD6CBCF-3F45-4491-8039-432E31AE2858}"
EndProject
Global
	GlobalSection(SolutionConfigurationPlatforms) = preSolution
		Debug|Any CPU = Debug|Any CPU
		Release|Any CPU = Release|Any CPU
	EndGlobalSection
	GlobalSection(ProjectConfigurationPlatforms) = postSolution
		{C50C9FCF-394D-4959-87FE-4DF1A51C7054}.Debug|Any CPU.ActiveCfg = Debug|Any CPU
		{C50C9FCF-394D-4959-87FE-4DF1A51C7054}.Debug|Any CPU.Build.0 = Debug|Any CPU
		{C50C9FCF-394D-4959-87FE-4DF1A51C7054}.Release|Any CPU.ActiveCfg = Release|Any CPU
		{C50C9FCF-394D-4959-87FE-4DF1A51C7054}.Release|Any CPU.Build.0 = Release|Any CPU
		{3CD6CBCF-3F45-4491-8039-432E31AE2858}.Debug|Any CPU.ActiveCfg = Debug|Any CPU
		{3CD6CBCF-3F45-4491-8039-432E31AE2858}.Debug|Any CPU.Build.0 = Debug|Any CPU
		{3CD6CBCF-3F45-4491-8039-432E31AE2858}.Release|Any CPU.ActiveCfg = Release|Any CPU
		{3CD6CBCF-3F45-4491-8039-432E31AE2858}.Release|Any CPU.Build.0 = Release|Any CPU
	EndGlobalSection
	GlobalSection(SolutionProperties) = preSolution
		HideSolutionNode = FALSE
	EndGlobalSection
	GlobalSection(ExtensibilityGlobals) = postSolution
		SolutionGuid = {6B307B96-99AD-43E5-A4A3-F9C4B1219922}
	EndGlobalSection
EndGlobal
